
Microsoft Visual Studio Solution File, Format Version 12.00
# Visual Studio Version 16
VisualStudioVersion = 16.0.30330.147
MinimumVisualStudioVersion = 10.0.40219.1
Project("{FAE04EC0-301F-11D3-BF4B-00C04F79EFBC}") = "Zadanie3", "Zadanie3\Zadanie3.csproj", "{130BE83F-0F6A-43D5-B348-698CAD80C7C9}"
EndProject
Global
	GlobalSection(SolutionConfigurationPlatforms) = preSolution
		Debug|Any CPU = Debug|Any CPU
		Release|Any CPU = Release|Any CPU
	EndGlobalSection
	GlobalSection(ProjectConfigurationPlatforms) = postSolution
		{130BE83F-0F6A-43D5-B348-698CAD80C7C9}.Debug|Any CPU.ActiveCfg = Debug|Any CPU
		{130BE83F-0F6A-43D5-B348-698CAD80C7C9}.Debug|Any CPU.Build.0 = Debug|Any CPU
		{130BE83F-0F6A-43D5-B348-698CAD80C7C9}.Release|Any CPU.ActiveCfg = Release|Any CPU
		{130BE83F-0F6A-43D5-B348-698CAD80C7C9}.Release|Any CPU.Build.0 = Release|Any CPU
	EndGlobalSection
	GlobalSection(SolutionProperties) = preSolution
		HideSolutionNode = FALSE
	EndGlobalSection
	GlobalSection(ExtensibilityGlobals) = postSolution
		SolutionGuid = {7AF4FE5A-B02B-43D1-83F6-850FF8A7A0EC}
	EndGlobalSection
EndGlobal
